[root]
name = "poker"
version = "0.0.1"
dependencies = [
 "rust_combinatorics 0.0.1 (git+https://github.com/shelbyd/rust-combinatorics.git)",
]

[[package]]
name = "rust_combinatorics"
version = "0.0.1"
source = "git+https://github.com/shelbyd/rust-combinatorics.git#d53ebc89baa9572aa7948aecad0dacb483e14eb6"

